// !$*UTF8*$!
{
	archiveVersion = 1;
	classes = {
	};
	objectVersion = 46;
	objects = {

/* Begin PBXBuildFile section */
		9E1911731C94D6CD004E5FBB /* Countries.swift in Sources */ = {isa = PBXBuildFile; fileRef = 9E1911721C94D6CD004E5FBB /* Countries.swift */; };
		9E1C658D1BFD022B003A0C00 /* ViewUtility.swift in Sources */ = {isa = PBXBuildFile; fileRef = 9E1C658C1BFD022B003A0C00 /* ViewUtility.swift */; };
		9E36CC171CCD773C006402C4 /* KivaAccount.swift in Sources */ = {isa = PBXBuildFile; fileRef = 9E36CC161CCD773C006402C4 /* KivaAccount.swift */; };
		9E3950601BF66E23007BC75E /* KivaAPI.swift in Sources */ = {isa = PBXBuildFile; fileRef = 9E3950511BF66E23007BC75E /* KivaAPI.swift */; };
		9E3950611BF66E23007BC75E /* KivaCart.swift in Sources */ = {isa = PBXBuildFile; fileRef = 9E3950521BF66E23007BC75E /* KivaCart.swift */; };
		9E3950621BF66E23007BC75E /* KivaCartItem.swift in Sources */ = {isa = PBXBuildFile; fileRef = 9E3950531BF66E23007BC75E /* KivaCartItem.swift */; };
		9E3950631BF66E23007BC75E /* KivaCountry.swift in Sources */ = {isa = PBXBuildFile; fileRef = 9E3950541BF66E23007BC75E /* KivaCountry.swift */; };
		9E3950641BF66E23007BC75E /* KivaLender.swift in Sources */ = {isa = PBXBuildFile; fileRef = 9E3950551BF66E23007BC75E /* KivaLender.swift */; };
		9E3950651BF66E23007BC75E /* KivaLoan.swift in Sources */ = {isa = PBXBuildFile; fileRef = 9E3950561BF66E23007BC75E /* KivaLoan.swift */; };
		9E3950661BF66E23007BC75E /* KivaLoanStatistics.swift in Sources */ = {isa = PBXBuildFile; fileRef = 9E3950571BF66E23007BC75E /* KivaLoanStatistics.swift */; };
		9E3950671BF66E23007BC75E /* KivaOauth.swift in Sources */ = {isa = PBXBuildFile; fileRef = 9E3950581BF66E23007BC75E /* KivaOauth.swift */; };
		9E3950681BF66E23007BC75E /* KivaPartner.swift in Sources */ = {isa = PBXBuildFile; fileRef = 9E3950591BF66E23007BC75E /* KivaPartner.swift */; };
		9E3950691BF66E23007BC75E /* KivaTeam.swift in Sources */ = {isa = PBXBuildFile; fileRef = 9E39505A1BF66E23007BC75E /* KivaTeam.swift */; };
		9E39506A1BF66E23007BC75E /* KivaUserAccount.swift in Sources */ = {isa = PBXBuildFile; fileRef = 9E39505B1BF66E23007BC75E /* KivaUserAccount.swift */; };
		9E39506B1BF66E23007BC75E /* MySingleton.swift in Sources */ = {isa = PBXBuildFile; fileRef = 9E39505C1BF66E23007BC75E /* MySingleton.swift */; };
		9E39506C1BF66E23007BC75E /* RESTClient.swift in Sources */ = {isa = PBXBuildFile; fileRef = 9E39505D1BF66E23007BC75E /* RESTClient.swift */; };
		9E3950711BF670F4007BC75E /* Constants.swift in Sources */ = {isa = PBXBuildFile; fileRef = 9E3950701BF670F4007BC75E /* Constants.swift */; };
		9E495BDC1BF9050E00E3DEAD /* KivaCartViewController.swift in Sources */ = {isa = PBXBuildFile; fileRef = 9E495BDB1BF9050E00E3DEAD /* KivaCartViewController.swift */; };
		9E495BDE1BF9060E00E3DEAD /* CartTableViewController.swift in Sources */ = {isa = PBXBuildFile; fileRef = 9E495BDD1BF9060E00E3DEAD /* CartTableViewController.swift */; };
		9E495BE01BF9611400E3DEAD /* VTError.swift in Sources */ = {isa = PBXBuildFile; fileRef = 9E495BDF1BF9611400E3DEAD /* VTError.swift */; };
		9E495BE21BFA51B500E3DEAD /* CartTableViewCell.swift in Sources */ = {isa = PBXBuildFile; fileRef = 9E495BE11BFA51B500E3DEAD /* CartTableViewCell.swift */; };
		9E495BE41BFAD82000E3DEAD /* NSCache+Singleton.swift in Sources */ = {isa = PBXBuildFile; fileRef = 9E495BE31BFAD82000E3DEAD /* NSCache+Singleton.swift */; };
		9E495BE61BFB76F000E3DEAD /* AccountViewController.swift in Sources */ = {isa = PBXBuildFile; fileRef = 9E495BE51BFB76EF00E3DEAD /* AccountViewController.swift */; };
		9E495BE81BFBA13800E3DEAD /* MyLoansTableViewController.swift in Sources */ = {isa = PBXBuildFile; fileRef = 9E495BE71BFBA13700E3DEAD /* MyLoansTableViewController.swift */; };
		9E495BEA1BFBAAD200E3DEAD /* MyLoansTableViewCell.swift in Sources */ = {isa = PBXBuildFile; fileRef = 9E495BE91BFBAAD200E3DEAD /* MyLoansTableViewCell.swift */; };
		9E4D85E21C9140AC0063DEE5 /* CountriesAPI.swift in Sources */ = {isa = PBXBuildFile; fileRef = 9E4D85E11C9140AC0063DEE5 /* CountriesAPI.swift */; };
		9E4D85E81C914D5A0063DEE5 /* RESTCountries.swift in Sources */ = {isa = PBXBuildFile; fileRef = 9E4D85E71C914D5A0063DEE5 /* RESTCountries.swift */; };
		9E4D85EA1C927FDE0063DEE5 /* Country.swift in Sources */ = {isa = PBXBuildFile; fileRef = 9E4D85E91C927FDE0063DEE5 /* Country.swift */; };
		9E4D85EC1C928A460063DEE5 /* CountriesTableViewController.swift in Sources */ = {isa = PBXBuildFile; fileRef = 9E4D85EB1C928A460063DEE5 /* CountriesTableViewController.swift */; };
		9E59E4071CD251E5007C704B /* KivaRepayment.swift in Sources */ = {isa = PBXBuildFile; fileRef = 9E59E4061CD251E5007C704B /* KivaRepayment.swift */; };
		9E59E40E1CD32EB4007C704B /* UIView+Extension.swift in Sources */ = {isa = PBXBuildFile; fileRef = 9E59E40D1CD32EB4007C704B /* UIView+Extension.swift */; };
		9E6105DF1CD8FD1100334DDC /* CountryLoansKivaApiHelper.swift in Sources */ = {isa = PBXBuildFile; fileRef = 9E6105DE1CD8FD1100334DDC /* CountryLoansKivaApiHelper.swift */; };
		9E6105E51CD9C46B00334DDC /* CoreDataLoanHelper.swift in Sources */ = {isa = PBXBuildFile; fileRef = 9E6105E41CD9C46B00334DDC /* CoreDataLoanHelper.swift */; };
		9E6105E91CDA56FF00334DDC /* CoreDataContext.swift in Sources */ = {isa = PBXBuildFile; fileRef = 9E6105E81CDA56FF00334DDC /* CoreDataContext.swift */; };
		9E6105F31CDD9BA300334DDC /* LoanImageViewController.swift in Sources */ = {isa = PBXBuildFile; fileRef = 9E6105F21CDD9BA300334DDC /* LoanImageViewController.swift */; };
		9E6815D71CCA8384006DDE1A /* AcknowledgementsViewController.swift in Sources */ = {isa = PBXBuildFile; fileRef = 9E6815D61CCA8384006DDE1A /* AcknowledgementsViewController.swift */; };
		9E6AC0031CB1CE2C00F3476F /* DVNTableViewCell.swift in Sources */ = {isa = PBXBuildFile; fileRef = 9E6AC0001CB1CE2C00F3476F /* DVNTableViewCell.swift */; };
		9E6AC0041CB1CE2C00F3476F /* DVNTableViewController.swift in Sources */ = {isa = PBXBuildFile; fileRef = 9E6AC0011CB1CE2C00F3476F /* DVNTableViewController.swift */; };
		9E6AC0051CB1CE2C00F3476F /* DVNViewController.swift in Sources */ = {isa = PBXBuildFile; fileRef = 9E6AC0021CB1CE2C00F3476F /* DVNViewController.swift */; };
		9E6AC00C1CB1D6CB00F3476F /* MapWithCheckoutViewController.swift in Sources */ = {isa = PBXBuildFile; fileRef = 9E6AC00B1CB1D6CB00F3476F /* MapWithCheckoutViewController.swift */; };
		9E6AC00F1CB1F3EA00F3476F /* KivaSignupViewController.swift in Sources */ = {isa = PBXBuildFile; fileRef = 9E6AC00E1CB1F3EA00F3476F /* KivaSignupViewController.swift */; };
		9E6AC0161CB3862700F3476F /* UIColorExtension.swift in Sources */ = {isa = PBXBuildFile; fileRef = 9E6AC0151CB3862700F3476F /* UIColorExtension.swift */; };
		9E7869D31C99291100F1FE93 /* DVNActivityIndicator.swift in Sources */ = {isa = PBXBuildFile; fileRef = 9E7869D21C99291100F1FE93 /* DVNActivityIndicator.swift */; };
		9E7869E21C9E0F6100F1FE93 /* MapViewController.swift in Sources */ = {isa = PBXBuildFile; fileRef = 9E7869E11C9E0F6100F1FE93 /* MapViewController.swift */; };
		9E7869E51C9EF15100F1FE93 /* LoanDetailViewController.swift in Sources */ = {isa = PBXBuildFile; fileRef = 9E7869E41C9EF15100F1FE93 /* LoanDetailViewController.swift */; };
		9E7869EE1C9F3A1200F1FE93 /* CustomView.swift in Sources */ = {isa = PBXBuildFile; fileRef = 9E7869ED1C9F3A1200F1FE93 /* CustomView.swift */; };
		9E7869F01C9F5CCF00F1FE93 /* DVNPointAnnotation.swift in Sources */ = {isa = PBXBuildFile; fileRef = 9E7869EF1C9F5CCF00F1FE93 /* DVNPointAnnotation.swift */; };
		9E79FBBD1CA84AD4008B96B1 /* LoginViewController.swift in Sources */ = {isa = PBXBuildFile; fileRef = 9E79FBBC1CA84AD4008B96B1 /* LoginViewController.swift */; };
		9EC72E141BF559E90000D9BF /* AppDelegate.swift in Sources */ = {isa = PBXBuildFile; fileRef = 9EC72E131BF559E90000D9BF /* AppDelegate.swift */; };
		9EC72E1B1BF559E90000D9BF /* Main.storyboard in Resources */ = {isa = PBXBuildFile; fileRef = 9EC72E191BF559E90000D9BF /* Main.storyboard */; };
		9EC72E1D1BF559E90000D9BF /* Assets.xcassets in Resources */ = {isa = PBXBuildFile; fileRef = 9EC72E1C1BF559E90000D9BF /* Assets.xcassets */; };
		9EC72E201BF559E90000D9BF /* LaunchScreen.storyboard in Resources */ = {isa = PBXBuildFile; fileRef = 9EC72E1E1BF559E90000D9BF /* LaunchScreen.storyboard */; };
		9EC72E281BF55A7D0000D9BF /* LoansTableViewController.swift in Sources */ = {isa = PBXBuildFile; fileRef = 9EC72E271BF55A7D0000D9BF /* LoansTableViewController.swift */; };
		9EC72E2A1BF55ABC0000D9BF /* LoansTableViewCell.swift in Sources */ = {isa = PBXBuildFile; fileRef = 9EC72E291BF55ABC0000D9BF /* LoansTableViewCell.swift */; };
		9ECEC3F91CA77D75005EE6D3 /* KivaApiConvenience.swift in Sources */ = {isa = PBXBuildFile; fileRef = 9ECEC3F81CA77D74005EE6D3 /* KivaApiConvenience.swift */; };
		9ECEFAF41C9532310045E92F /* CountriesTableViewCell.swift in Sources */ = {isa = PBXBuildFile; fileRef = 9ECEFAF31C9532310045E92F /* CountriesTableViewCell.swift */; };
		9ECEFAF61C9602F10045E92F /* Attributions.swift in Sources */ = {isa = PBXBuildFile; fileRef = 9ECEFAF51C9602F10045E92F /* Attributions.swift */; };
		9ECEFAFF1C96064E0045E92F /* CountryLoansTableViewController.swift in Sources */ = {isa = PBXBuildFile; fileRef = 9ECEFAFE1C96064E0045E92F /* CountryLoansTableViewController.swift */; };
		9ECEFB021C97C7710045E92F /* CountryLoanTableViewCell.swift in Sources */ = {isa = PBXBuildFile; fileRef = 9ECEFB011C97C7710045E92F /* CountryLoanTableViewCell.swift */; };
		9ED2A1381CDE65E000828AA4 /* CountriesMapViewController.swift in Sources */ = {isa = PBXBuildFile; fileRef = 9ED2A1371CDE65E000828AA4 /* CountriesMapViewController.swift */; };
		9ED2A13D1CDE938F00828AA4 /* DVNCountries.swift in Sources */ = {isa = PBXBuildFile; fileRef = 9ED2A13C1CDE938F00828AA4 /* DVNCountries.swift */; };
		9ED2A1411CDED6B900828AA4 /* UIApplication+Extension.swift in Sources */ = {isa = PBXBuildFile; fileRef = 9ED2A1401CDED6B900828AA4 /* UIApplication+Extension.swift */; };
		9ED33F231CD0920800C4871D /* KivaImage.swift in Sources */ = {isa = PBXBuildFile; fileRef = 9ED33F221CD0920800C4871D /* KivaImage.swift */; };
		9ED33F281CD1C18100C4871D /* KivaLoanBalance.swift in Sources */ = {isa = PBXBuildFile; fileRef = 9ED33F271CD1C18000C4871D /* KivaLoanBalance.swift */; };
		9EDF2E381BFD660800E6EF9B /* KivaPaging.swift in Sources */ = {isa = PBXBuildFile; fileRef = 9EDF2E371BFD660800E6EF9B /* KivaPaging.swift */; };
		9EE3568E1C713A9300363652 /* CoreDataStackManager.swift in Sources */ = {isa = PBXBuildFile; fileRef = 9EE3568D1C713A9300363652 /* CoreDataStackManager.swift */; };
		9EE356941C71577900363652 /* Model.xcdatamodeld in Sources */ = {isa = PBXBuildFile; fileRef = 9EE356921C71577900363652 /* Model.xcdatamodeld */; };
		9EE356961C74501400363652 /* LDAlert.swift in Sources */ = {isa = PBXBuildFile; fileRef = 9EE356951C74501400363652 /* LDAlert.swift */; };
/* End PBXBuildFile section */

/* Begin PBXContainerItemProxy section */
		9E39508A1BF68406007BC75E /* PBXContainerItemProxy */ = {
			isa = PBXContainerItemProxy;
			containerPortal = 9E3950831BF68405007BC75E /* OAuthSwift.xcodeproj */;
			proxyType = 2;
			remoteGlobalIDString = F451E3C5195B8CD80051434C;
			remoteInfo = OAuthSwiftDemo;
		};
		9E39508C1BF68406007BC75E /* PBXContainerItemProxy */ = {
			isa = PBXContainerItemProxy;
			containerPortal = 9E3950831BF68405007BC75E /* OAuthSwift.xcodeproj */;
			proxyType = 2;
			remoteGlobalIDString = F435027A1A6791B200038A29;
			remoteInfo = OAuthSwift;
		};
		9E39508E1BF68406007BC75E /* PBXContainerItemProxy */ = {
			isa = PBXContainerItemProxy;
			containerPortal = 9E3950831BF68405007BC75E /* OAuthSwift.xcodeproj */;
			proxyType = 2;
			remoteGlobalIDString = C49FD5241AFB5DF500791E1A;
			remoteInfo = OAuthSwiftOSXDemo;
		};
		9E3950901BF68406007BC75E /* PBXContainerItemProxy */ = {
			isa = PBXContainerItemProxy;
			containerPortal = 9E3950831BF68405007BC75E /* OAuthSwift.xcodeproj */;
			proxyType = 2;
			remoteGlobalIDString = C48B28021AFA598D00C7DEF6;
			remoteInfo = OAuthSwiftOSX;
		};
		9E495BCC1BF6845300E3DEAD /* PBXContainerItemProxy */ = {
			isa = PBXContainerItemProxy;
			containerPortal = 9E3950831BF68405007BC75E /* OAuthSwift.xcodeproj */;
			proxyType = 1;
			remoteGlobalIDString = F43502791A6791B200038A29;
			remoteInfo = OAuthSwift;
		};
/* End PBXContainerItemProxy section */

/* Begin PBXFileReference section */
		9E1911721C94D6CD004E5FBB /* Countries.swift */ = {isa = PBXFileReference; fileEncoding = 4; lastKnownFileType = sourcecode.swift; path = Countries.swift; sourceTree = "<group>"; };
		9E1C658C1BFD022B003A0C00 /* ViewUtility.swift */ = {isa = PBXFileReference; fileEncoding = 4; lastKnownFileType = sourcecode.swift; path = ViewUtility.swift; sourceTree = "<group>"; };
		9E36CC161CCD773C006402C4 /* KivaAccount.swift */ = {isa = PBXFileReference; fileEncoding = 4; lastKnownFileType = sourcecode.swift; path = KivaAccount.swift; sourceTree = "<group>"; };
		9E3950511BF66E23007BC75E /* KivaAPI.swift */ = {isa = PBXFileReference; fileEncoding = 4; lastKnownFileType = sourcecode.swift; path = KivaAPI.swift; sourceTree = "<group>"; };
		9E3950521BF66E23007BC75E /* KivaCart.swift */ = {isa = PBXFileReference; fileEncoding = 4; lastKnownFileType = sourcecode.swift; path = KivaCart.swift; sourceTree = "<group>"; };
		9E3950531BF66E23007BC75E /* KivaCartItem.swift */ = {isa = PBXFileReference; fileEncoding = 4; lastKnownFileType = sourcecode.swift; path = KivaCartItem.swift; sourceTree = "<group>"; };
		9E3950541BF66E23007BC75E /* KivaCountry.swift */ = {isa = PBXFileReference; fileEncoding = 4; lastKnownFileType = sourcecode.swift; path = KivaCountry.swift; sourceTree = "<group>"; };
		9E3950551BF66E23007BC75E /* KivaLender.swift */ = {isa = PBXFileReference; fileEncoding = 4; lastKnownFileType = sourcecode.swift; path = KivaLender.swift; sourceTree = "<group>"; };
		9E3950561BF66E23007BC75E /* KivaLoan.swift */ = {isa = PBXFileReference; fileEncoding = 4; lastKnownFileType = sourcecode.swift; path = KivaLoan.swift; sourceTree = "<group>"; };
		9E3950571BF66E23007BC75E /* KivaLoanStatistics.swift */ = {isa = PBXFileReference; fileEncoding = 4; lastKnownFileType = sourcecode.swift; path = KivaLoanStatistics.swift; sourceTree = "<group>"; };
		9E3950581BF66E23007BC75E /* KivaOauth.swift */ = {isa = PBXFileReference; fileEncoding = 4; lastKnownFileType = sourcecode.swift; path = KivaOauth.swift; sourceTree = "<group>"; };
		9E3950591BF66E23007BC75E /* KivaPartner.swift */ = {isa = PBXFileReference; fileEncoding = 4; lastKnownFileType = sourcecode.swift; path = KivaPartner.swift; sourceTree = "<group>"; };
		9E39505A1BF66E23007BC75E /* KivaTeam.swift */ = {isa = PBXFileReference; fileEncoding = 4; lastKnownFileType = sourcecode.swift; path = KivaTeam.swift; sourceTree = "<group>"; };
		9E39505B1BF66E23007BC75E /* KivaUserAccount.swift */ = {isa = PBXFileReference; fileEncoding = 4; lastKnownFileType = sourcecode.swift; path = KivaUserAccount.swift; sourceTree = "<group>"; };
		9E39505C1BF66E23007BC75E /* MySingleton.swift */ = {isa = PBXFileReference; fileEncoding = 4; lastKnownFileType = sourcecode.swift; path = MySingleton.swift; sourceTree = "<group>"; };
		9E39505D1BF66E23007BC75E /* RESTClient.swift */ = {isa = PBXFileReference; fileEncoding = 4; lastKnownFileType = sourcecode.swift; path = RESTClient.swift; sourceTree = "<group>"; };
		9E3950701BF670F4007BC75E /* Constants.swift */ = {isa = PBXFileReference; fileEncoding = 4; lastKnownFileType = sourcecode.swift; path = Constants.swift; sourceTree = "<group>"; };
		9E3950831BF68405007BC75E /* OAuthSwift.xcodeproj */ = {isa = PBXFileReference; lastKnownFileType = "wrapper.pb-project"; name = OAuthSwift.xcodeproj; path = "../../OAuthSwift-master/OAuthSwift.xcodeproj"; sourceTree = "<group>"; };
		9E495BDB1BF9050E00E3DEAD /* KivaCartViewController.swift */ = {isa = PBXFileReference; fileEncoding = 4; lastKnownFileType = sourcecode.swift; path = KivaCartViewController.swift; sourceTree = "<group>"; };
		9E495BDD1BF9060E00E3DEAD /* CartTableViewController.swift */ = {isa = PBXFileReference; fileEncoding = 4; lastKnownFileType = sourcecode.swift; path = CartTableViewController.swift; sourceTree = "<group>"; };
		9E495BDF1BF9611400E3DEAD /* VTError.swift */ = {isa = PBXFileReference; fileEncoding = 4; lastKnownFileType = sourcecode.swift; path = VTError.swift; sourceTree = "<group>"; };
		9E495BE11BFA51B500E3DEAD /* CartTableViewCell.swift */ = {isa = PBXFileReference; fileEncoding = 4; lastKnownFileType = sourcecode.swift; path = CartTableViewCell.swift; sourceTree = "<group>"; };
		9E495BE31BFAD82000E3DEAD /* NSCache+Singleton.swift */ = {isa = PBXFileReference; fileEncoding = 4; lastKnownFileType = sourcecode.swift; path = "NSCache+Singleton.swift"; sourceTree = "<group>"; };
		9E495BE51BFB76EF00E3DEAD /* AccountViewController.swift */ = {isa = PBXFileReference; fileEncoding = 4; lastKnownFileType = sourcecode.swift; path = AccountViewController.swift; sourceTree = "<group>"; };
		9E495BE71BFBA13700E3DEAD /* MyLoansTableViewController.swift */ = {isa = PBXFileReference; fileEncoding = 4; lastKnownFileType = sourcecode.swift; path = MyLoansTableViewController.swift; sourceTree = "<group>"; };
		9E495BE91BFBAAD200E3DEAD /* MyLoansTableViewCell.swift */ = {isa = PBXFileReference; fileEncoding = 4; lastKnownFileType = sourcecode.swift; path = MyLoansTableViewCell.swift; sourceTree = "<group>"; };
		9E4D85E11C9140AC0063DEE5 /* CountriesAPI.swift */ = {isa = PBXFileReference; fileEncoding = 4; lastKnownFileType = sourcecode.swift; path = CountriesAPI.swift; sourceTree = "<group>"; };
		9E4D85E71C914D5A0063DEE5 /* RESTCountries.swift */ = {isa = PBXFileReference; fileEncoding = 4; lastKnownFileType = sourcecode.swift; path = RESTCountries.swift; sourceTree = "<group>"; };
		9E4D85E91C927FDE0063DEE5 /* Country.swift */ = {isa = PBXFileReference; fileEncoding = 4; lastKnownFileType = sourcecode.swift; path = Country.swift; sourceTree = "<group>"; };
		9E4D85EB1C928A460063DEE5 /* CountriesTableViewController.swift */ = {isa = PBXFileReference; fileEncoding = 4; lastKnownFileType = sourcecode.swift; path = CountriesTableViewController.swift; sourceTree = "<group>"; };
		9E59E4061CD251E5007C704B /* KivaRepayment.swift */ = {isa = PBXFileReference; fileEncoding = 4; lastKnownFileType = sourcecode.swift; path = KivaRepayment.swift; sourceTree = "<group>"; };
		9E59E40D1CD32EB4007C704B /* UIView+Extension.swift */ = {isa = PBXFileReference; fileEncoding = 4; lastKnownFileType = sourcecode.swift; path = "UIView+Extension.swift"; sourceTree = "<group>"; };
		9E6105DE1CD8FD1100334DDC /* CountryLoansKivaApiHelper.swift */ = {isa = PBXFileReference; fileEncoding = 4; lastKnownFileType = sourcecode.swift; path = CountryLoansKivaApiHelper.swift; sourceTree = "<group>"; };
		9E6105E41CD9C46B00334DDC /* CoreDataLoanHelper.swift */ = {isa = PBXFileReference; fileEncoding = 4; lastKnownFileType = sourcecode.swift; path = CoreDataLoanHelper.swift; sourceTree = "<group>"; };
		9E6105E81CDA56FF00334DDC /* CoreDataContext.swift */ = {isa = PBXFileReference; fileEncoding = 4; lastKnownFileType = sourcecode.swift; path = CoreDataContext.swift; sourceTree = "<group>"; };
		9E6105F21CDD9BA300334DDC /* LoanImageViewController.swift */ = {isa = PBXFileReference; fileEncoding = 4; lastKnownFileType = sourcecode.swift; path = LoanImageViewController.swift; sourceTree = "<group>"; };
		9E6815D61CCA8384006DDE1A /* AcknowledgementsViewController.swift */ = {isa = PBXFileReference; fileEncoding = 4; lastKnownFileType = sourcecode.swift; path = AcknowledgementsViewController.swift; sourceTree = "<group>"; };
		9E6AC0001CB1CE2C00F3476F /* DVNTableViewCell.swift */ = {isa = PBXFileReference; fileEncoding = 4; lastKnownFileType = sourcecode.swift; path = DVNTableViewCell.swift; sourceTree = "<group>"; };
		9E6AC0011CB1CE2C00F3476F /* DVNTableViewController.swift */ = {isa = PBXFileReference; fileEncoding = 4; lastKnownFileType = sourcecode.swift; path = DVNTableViewController.swift; sourceTree = "<group>"; };
		9E6AC0021CB1CE2C00F3476F /* DVNViewController.swift */ = {isa = PBXFileReference; fileEncoding = 4; lastKnownFileType = sourcecode.swift; path = DVNViewController.swift; sourceTree = "<group>"; };
		9E6AC00B1CB1D6CB00F3476F /* MapWithCheckoutViewController.swift */ = {isa = PBXFileReference; fileEncoding = 4; lastKnownFileType = sourcecode.swift; path = MapWithCheckoutViewController.swift; sourceTree = "<group>"; };
		9E6AC00E1CB1F3EA00F3476F /* KivaSignupViewController.swift */ = {isa = PBXFileReference; fileEncoding = 4; lastKnownFileType = sourcecode.swift; path = KivaSignupViewController.swift; sourceTree = "<group>"; };
		9E6AC0151CB3862700F3476F /* UIColorExtension.swift */ = {isa = PBXFileReference; fileEncoding = 4; lastKnownFileType = sourcecode.swift; path = UIColorExtension.swift; sourceTree = "<group>"; };
		9E7869D21C99291100F1FE93 /* DVNActivityIndicator.swift */ = {isa = PBXFileReference; fileEncoding = 4; lastKnownFileType = sourcecode.swift; path = DVNActivityIndicator.swift; sourceTree = "<group>"; };
		9E7869E11C9E0F6100F1FE93 /* MapViewController.swift */ = {isa = PBXFileReference; fileEncoding = 4; lastKnownFileType = sourcecode.swift; path = MapViewController.swift; sourceTree = "<group>"; };
		9E7869E41C9EF15100F1FE93 /* LoanDetailViewController.swift */ = {isa = PBXFileReference; fileEncoding = 4; lastKnownFileType = sourcecode.swift; path = LoanDetailViewController.swift; sourceTree = "<group>"; };
		9E7869ED1C9F3A1200F1FE93 /* CustomView.swift */ = {isa = PBXFileReference; fileEncoding = 4; lastKnownFileType = sourcecode.swift; path = CustomView.swift; sourceTree = "<group>"; };
		9E7869EF1C9F5CCF00F1FE93 /* DVNPointAnnotation.swift */ = {isa = PBXFileReference; fileEncoding = 4; lastKnownFileType = sourcecode.swift; path = DVNPointAnnotation.swift; sourceTree = "<group>"; };
		9E79FBBC1CA84AD4008B96B1 /* LoginViewController.swift */ = {isa = PBXFileReference; fileEncoding = 4; lastKnownFileType = sourcecode.swift; path = LoginViewController.swift; sourceTree = "<group>"; };
		9EC72E101BF559E90000D9BF /* Lendivine.app */ = {isa = PBXFileReference; explicitFileType = wrapper.application; includeInIndex = 0; path = Lendivine.app; sourceTree = BUILT_PRODUCTS_DIR; };
		9EC72E131BF559E90000D9BF /* AppDelegate.swift */ = {isa = PBXFileReference; lastKnownFileType = sourcecode.swift; path = AppDelegate.swift; sourceTree = "<group>"; };
		9EC72E1A1BF559E90000D9BF /* Base */ = {isa = PBXFileReference; lastKnownFileType = file.storyboard; name = Base; path = Base.lproj/Main.storyboard; sourceTree = "<group>"; };
		9EC72E1C1BF559E90000D9BF /* Assets.xcassets */ = {isa = PBXFileReference; lastKnownFileType = folder.assetcatalog; path = Assets.xcassets; sourceTree = "<group>"; };
		9EC72E1F1BF559E90000D9BF /* Base */ = {isa = PBXFileReference; lastKnownFileType = file.storyboard; name = Base; path = Base.lproj/LaunchScreen.storyboard; sourceTree = "<group>"; };
		9EC72E211BF559E90000D9BF /* Info.plist */ = {isa = PBXFileReference; lastKnownFileType = text.plist.xml; path = Info.plist; sourceTree = "<group>"; };
		9EC72E271BF55A7D0000D9BF /* LoansTableViewController.swift */ = {isa = PBXFileReference; fileEncoding = 4; lastKnownFileType = sourcecode.swift; path = LoansTableViewController.swift; sourceTree = "<group>"; };
		9EC72E291BF55ABC0000D9BF /* LoansTableViewCell.swift */ = {isa = PBXFileReference; fileEncoding = 4; lastKnownFileType = sourcecode.swift; path = LoansTableViewCell.swift; sourceTree = "<group>"; };
		9ECEC3F81CA77D74005EE6D3 /* KivaApiConvenience.swift */ = {isa = PBXFileReference; fileEncoding = 4; lastKnownFileType = sourcecode.swift; path = KivaApiConvenience.swift; sourceTree = "<group>"; };
		9ECEFAF31C9532310045E92F /* CountriesTableViewCell.swift */ = {isa = PBXFileReference; fileEncoding = 4; lastKnownFileType = sourcecode.swift; path = CountriesTableViewCell.swift; sourceTree = "<group>"; };
		9ECEFAF51C9602F10045E92F /* Attributions.swift */ = {isa = PBXFileReference; fileEncoding = 4; lastKnownFileType = sourcecode.swift; path = Attributions.swift; sourceTree = "<group>"; };
		9ECEFAFE1C96064E0045E92F /* CountryLoansTableViewController.swift */ = {isa = PBXFileReference; fileEncoding = 4; lastKnownFileType = sourcecode.swift; path = CountryLoansTableViewController.swift; sourceTree = "<group>"; };
		9ECEFB011C97C7710045E92F /* CountryLoanTableViewCell.swift */ = {isa = PBXFileReference; fileEncoding = 4; lastKnownFileType = sourcecode.swift; path = CountryLoanTableViewCell.swift; sourceTree = "<group>"; };
		9ED2A1371CDE65E000828AA4 /* CountriesMapViewController.swift */ = {isa = PBXFileReference; fileEncoding = 4; lastKnownFileType = sourcecode.swift; path = CountriesMapViewController.swift; sourceTree = "<group>"; };
		9ED2A13C1CDE938F00828AA4 /* DVNCountries.swift */ = {isa = PBXFileReference; fileEncoding = 4; lastKnownFileType = sourcecode.swift; path = DVNCountries.swift; sourceTree = "<group>"; };
		9ED2A1401CDED6B900828AA4 /* UIApplication+Extension.swift */ = {isa = PBXFileReference; fileEncoding = 4; lastKnownFileType = sourcecode.swift; path = "UIApplication+Extension.swift"; sourceTree = "<group>"; };
		9ED33F221CD0920800C4871D /* KivaImage.swift */ = {isa = PBXFileReference; fileEncoding = 4; lastKnownFileType = sourcecode.swift; path = KivaImage.swift; sourceTree = "<group>"; };
		9ED33F271CD1C18000C4871D /* KivaLoanBalance.swift */ = {isa = PBXFileReference; fileEncoding = 4; lastKnownFileType = sourcecode.swift; path = KivaLoanBalance.swift; sourceTree = "<group>"; };
		9EDF2E371BFD660800E6EF9B /* KivaPaging.swift */ = {isa = PBXFileReference; fileEncoding = 4; lastKnownFileType = sourcecode.swift; path = KivaPaging.swift; sourceTree = "<group>"; };
		9EE3568D1C713A9300363652 /* CoreDataStackManager.swift */ = {isa = PBXFileReference; fileEncoding = 4; lastKnownFileType = sourcecode.swift; path = CoreDataStackManager.swift; sourceTree = "<group>"; };
		9EE356931C71577900363652 /* Model.xcdatamodel */ = {isa = PBXFileReference; lastKnownFileType = wrapper.xcdatamodel; path = Model.xcdatamodel; sourceTree = "<group>"; };
		9EE356951C74501400363652 /* LDAlert.swift */ = {isa = PBXFileReference; fileEncoding = 4; lastKnownFileType = sourcecode.swift; path = LDAlert.swift; sourceTree = "<group>"; };
/* End PBXFileReference section */

/* Begin PBXFrameworksBuildPhase section */
		9EC72E0D1BF559E90000D9BF /* Frameworks */ = {
			isa = PBXFrameworksBuildPhase;
			buildActionMask = 2147483647;
			files = (
			);
			runOnlyForDeploymentPostprocessing = 0;
		};
/* End PBXFrameworksBuildPhase section */

/* Begin PBXGroup section */
		9E39504C1BF66AD7007BC75E /* OAuth */ = {
			isa = PBXGroup;
			children = (
				9E3950701BF670F4007BC75E /* Constants.swift */,
				9E3950581BF66E23007BC75E /* KivaOauth.swift */,
				9E39505C1BF66E23007BC75E /* MySingleton.swift */,
			);
			name = OAuth;
			sourceTree = "<group>";
		};
		9E39504E1BF66B1A007BC75E /* Kiva */ = {
			isa = PBXGroup;
			children = (
				9E6105DE1CD8FD1100334DDC /* CountryLoansKivaApiHelper.swift */,
				9E3950511BF66E23007BC75E /* KivaAPI.swift */,
				9ECEC3F81CA77D74005EE6D3 /* KivaApiConvenience.swift */,
				9E3950521BF66E23007BC75E /* KivaCart.swift */,
				9E3950541BF66E23007BC75E /* KivaCountry.swift */,
				9E3950551BF66E23007BC75E /* KivaLender.swift */,
				9E3950561BF66E23007BC75E /* KivaLoan.swift */,
				9E3950571BF66E23007BC75E /* KivaLoanStatistics.swift */,
				9E3950531BF66E23007BC75E /* KivaCartItem.swift */,
				9E3950591BF66E23007BC75E /* KivaPartner.swift */,
				9E39505A1BF66E23007BC75E /* KivaTeam.swift */,
				9E39505B1BF66E23007BC75E /* KivaUserAccount.swift */,
				9E39506F1BF66E49007BC75E /* REST */,
				9EDF2E371BFD660800E6EF9B /* KivaPaging.swift */,
				9ED33F221CD0920800C4871D /* KivaImage.swift */,
				9ED33F271CD1C18000C4871D /* KivaLoanBalance.swift */,
				9E59E4061CD251E5007C704B /* KivaRepayment.swift */,
			);
			name = Kiva;
			sourceTree = "<group>";
		};
		9E39504F1BF66B2D007BC75E /* View */ = {
			isa = PBXGroup;
			children = (
				9E495BE11BFA51B500E3DEAD /* CartTableViewCell.swift */,
				9ECEFB011C97C7710045E92F /* CountryLoanTableViewCell.swift */,
				9ECEFAF31C9532310045E92F /* CountriesTableViewCell.swift */,
				9E6AC0001CB1CE2C00F3476F /* DVNTableViewCell.swift */,
				9EC72E291BF55ABC0000D9BF /* LoansTableViewCell.swift */,
				9E495BE91BFBAAD200E3DEAD /* MyLoansTableViewCell.swift */,
				9EC72E191BF559E90000D9BF /* Main.storyboard */,
				9EC72E1E1BF559E90000D9BF /* LaunchScreen.storyboard */,
				9EC72E1C1BF559E90000D9BF /* Assets.xcassets */,
				9E1C658C1BFD022B003A0C00 /* ViewUtility.swift */,
				9E7869D21C99291100F1FE93 /* DVNActivityIndicator.swift */,
				9E7869ED1C9F3A1200F1FE93 /* CustomView.swift */,
				9E7869EF1C9F5CCF00F1FE93 /* DVNPointAnnotation.swift */,
				9E6AC0151CB3862700F3476F /* UIColorExtension.swift */,
				9EE356951C74501400363652 /* LDAlert.swift */,
				9E59E40D1CD32EB4007C704B /* UIView+Extension.swift */,
			);
			name = View;
			sourceTree = "<group>";
		};
		9E3950501BF66B34007BC75E /* Model */ = {
			isa = PBXGroup;
			children = (
				9E6105E31CD9C20300334DDC /* CoreData */,
				9E4D85E61C914D1B0063DEE5 /* Countries */,
				9E39504E1BF66B1A007BC75E /* Kiva */,
				9E39504C1BF66AD7007BC75E /* OAuth */,
				9E495BE31BFAD82000E3DEAD /* NSCache+Singleton.swift */,
				9EE356921C71577900363652 /* Model.xcdatamodeld */,
				9E495BDF1BF9611400E3DEAD /* VTError.swift */,
				9E36CC161CCD773C006402C4 /* KivaAccount.swift */,
			);
			name = Model;
			sourceTree = "<group>";
		};
		9E39506F1BF66E49007BC75E /* REST */ = {
			isa = PBXGroup;
			children = (
				9E39505D1BF66E23007BC75E /* RESTClient.swift */,
			);
			name = REST;
			sourceTree = "<group>";
		};
		9E3950841BF68405007BC75E /* Products */ = {
			isa = PBXGroup;
			children = (
				9E39508B1BF68406007BC75E /* OAuthSwiftDemo.app */,
				9E39508D1BF68406007BC75E /* OAuthSwift.framework */,
				9E39508F1BF68406007BC75E /* OAuthSwiftOSXDemo.app */,
				9E3950911BF68406007BC75E /* OAuthSwift.framework */,
			);
			name = Products;
			sourceTree = "<group>";
		};
		9E4D85E61C914D1B0063DEE5 /* Countries */ = {
			isa = PBXGroup;
			children = (
				9E4D85E11C9140AC0063DEE5 /* CountriesAPI.swift */,
				9E4D85E71C914D5A0063DEE5 /* RESTCountries.swift */,
				9E4D85E91C927FDE0063DEE5 /* Country.swift */,
				9E1911721C94D6CD004E5FBB /* Countries.swift */,
			);
			name = Countries;
			sourceTree = "<group>";
		};
		9E6105E31CD9C20300334DDC /* CoreData */ = {
			isa = PBXGroup;
			children = (
				9EE3568D1C713A9300363652 /* CoreDataStackManager.swift */,
				9E6105E41CD9C46B00334DDC /* CoreDataLoanHelper.swift */,
				9E6105E81CDA56FF00334DDC /* CoreDataContext.swift */,
			);
			name = CoreData;
			sourceTree = "<group>";
		};
		9E7869D91C9E0EAB00F1FE93 /* ViewControllers */ = {
			isa = PBXGroup;
			children = (
				9E495BE51BFB76EF00E3DEAD /* AccountViewController.swift */,
				9E6815D61CCA8384006DDE1A /* AcknowledgementsViewController.swift */,
				9E495BDD1BF9060E00E3DEAD /* CartTableViewController.swift */,
				9ED2A1371CDE65E000828AA4 /* CountriesMapViewController.swift */,
				9E4D85EB1C928A460063DEE5 /* CountriesTableViewController.swift */,
				9ECEFAFE1C96064E0045E92F /* CountryLoansTableViewController.swift */,
				9E6AC0011CB1CE2C00F3476F /* DVNTableViewController.swift */,
				9E6AC0021CB1CE2C00F3476F /* DVNViewController.swift */,
				9E495BDB1BF9050E00E3DEAD /* KivaCartViewController.swift */,
				9E7869E41C9EF15100F1FE93 /* LoanDetailViewController.swift */,
				9EC72E271BF55A7D0000D9BF /* LoansTableViewController.swift */,
				9E79FBBC1CA84AD4008B96B1 /* LoginViewController.swift */,
				9E7869E11C9E0F6100F1FE93 /* MapViewController.swift */,
				9E6AC00B1CB1D6CB00F3476F /* MapWithCheckoutViewController.swift */,
				9E495BE71BFBA13700E3DEAD /* MyLoansTableViewController.swift */,
				9E6AC00E1CB1F3EA00F3476F /* KivaSignupViewController.swift */,
				9E6105F21CDD9BA300334DDC /* LoanImageViewController.swift */,
				9ED2A13C1CDE938F00828AA4 /* DVNCountries.swift */,
			);
			name = ViewControllers;
			sourceTree = "<group>";
		};
		9EC72E071BF559E90000D9BF = {
			isa = PBXGroup;
			children = (
				9EC72E121BF559E90000D9BF /* Lendivine */,
				9E3950831BF68405007BC75E /* OAuthSwift.xcodeproj */,
				9EC72E111BF559E90000D9BF /* Products */,
			);
			sourceTree = "<group>";
		};
		9EC72E111BF559E90000D9BF /* Products */ = {
			isa = PBXGroup;
			children = (
				9EC72E101BF559E90000D9BF /* Lendivine.app */,
			);
			name = Products;
			sourceTree = "<group>";
		};
		9EC72E121BF559E90000D9BF /* Lendivine */ = {
			isa = PBXGroup;
			children = (
				9E7869D91C9E0EAB00F1FE93 /* ViewControllers */,
				9EC72E131BF559E90000D9BF /* AppDelegate.swift */,
				9EC72E211BF559E90000D9BF /* Info.plist */,
				9E39504F1BF66B2D007BC75E /* View */,
				9E3950501BF66B34007BC75E /* Model */,
				9ECEFAF51C9602F10045E92F /* Attributions.swift */,
				9ED2A1401CDED6B900828AA4 /* UIApplication+Extension.swift */,
			);
			path = Lendivine;
			sourceTree = "<group>";
		};
/* End PBXGroup section */

/* Begin PBXNativeTarget section */
		9EC72E0F1BF559E90000D9BF /* Lendivine */ = {
			isa = PBXNativeTarget;
			buildConfigurationList = 9EC72E241BF559E90000D9BF /* Build configuration list for PBXNativeTarget "Lendivine" */;
			buildPhases = (
				9EC72E0C1BF559E90000D9BF /* Sources */,
				9EC72E0D1BF559E90000D9BF /* Frameworks */,
				9EC72E0E1BF559E90000D9BF /* Resources */,
			);
			buildRules = (
			);
			dependencies = (
				9E495BCD1BF6845300E3DEAD /* PBXTargetDependency */,
			);
			name = Lendivine;
			productName = Lendivine;
			productReference = 9EC72E101BF559E90000D9BF /* Lendivine.app */;
			productType = "com.apple.product-type.application";
		};
/* End PBXNativeTarget section */

/* Begin PBXProject section */
		9EC72E081BF559E90000D9BF /* Project object */ = {
			isa = PBXProject;
			attributes = {
				LastSwiftUpdateCheck = 0710;
				LastUpgradeCheck = 0710;
				ORGANIZATIONNAME = "John Bateman";
				TargetAttributes = {
					9EC72E0F1BF559E90000D9BF = {
						CreatedOnToolsVersion = 7.1;
					};
				};
			};
			buildConfigurationList = 9EC72E0B1BF559E90000D9BF /* Build configuration list for PBXProject "Lendivine" */;
			compatibilityVersion = "Xcode 3.2";
			developmentRegion = English;
			hasScannedForEncodings = 0;
			knownRegions = (
				en,
				Base,
			);
			mainGroup = 9EC72E071BF559E90000D9BF;
			productRefGroup = 9EC72E111BF559E90000D9BF /* Products */;
			projectDirPath = "";
			projectReferences = (
				{
					ProductGroup = 9E3950841BF68405007BC75E /* Products */;
					ProjectRef = 9E3950831BF68405007BC75E /* OAuthSwift.xcodeproj */;
				},
			);
			projectRoot = "";
			targets = (
				9EC72E0F1BF559E90000D9BF /* Lendivine */,
			);
		};
/* End PBXProject section */

/* Begin PBXReferenceProxy section */
		9E39508B1BF68406007BC75E /* OAuthSwiftDemo.app */ = {
			isa = PBXReferenceProxy;
			fileType = wrapper.application;
			path = OAuthSwiftDemo.app;
			remoteRef = 9E39508A1BF68406007BC75E /* PBXContainerItemProxy */;
			sourceTree = BUILT_PRODUCTS_DIR;
		};
		9E39508D1BF68406007BC75E /* OAuthSwift.framework */ = {
			isa = PBXReferenceProxy;
			fileType = wrapper.framework;
			path = OAuthSwift.framework;
			remoteRef = 9E39508C1BF68406007BC75E /* PBXContainerItemProxy */;
			sourceTree = BUILT_PRODUCTS_DIR;
		};
		9E39508F1BF68406007BC75E /* OAuthSwiftOSXDemo.app */ = {
			isa = PBXReferenceProxy;
			fileType = wrapper.application;
			path = OAuthSwiftOSXDemo.app;
			remoteRef = 9E39508E1BF68406007BC75E /* PBXContainerItemProxy */;
			sourceTree = BUILT_PRODUCTS_DIR;
		};
		9E3950911BF68406007BC75E /* OAuthSwift.framework */ = {
			isa = PBXReferenceProxy;
			fileType = wrapper.framework;
			path = OAuthSwift.framework;
			remoteRef = 9E3950901BF68406007BC75E /* PBXContainerItemProxy */;
			sourceTree = BUILT_PRODUCTS_DIR;
		};
/* End PBXReferenceProxy section */

/* Begin PBXResourcesBuildPhase section */
		9EC72E0E1BF559E90000D9BF /* Resources */ = {
			isa = PBXResourcesBuildPhase;
			buildActionMask = 2147483647;
			files = (
				9EC72E201BF559E90000D9BF /* LaunchScreen.storyboard in Resources */,
				9EC72E1D1BF559E90000D9BF /* Assets.xcassets in Resources */,
				9EC72E1B1BF559E90000D9BF /* Main.storyboard in Resources */,
			);
			runOnlyForDeploymentPostprocessing = 0;
		};
/* End PBXResourcesBuildPhase section */

/* Begin PBXSourcesBuildPhase section */
		9EC72E0C1BF559E90000D9BF /* Sources */ = {
			isa = PBXSourcesBuildPhase;
			buildActionMask = 2147483647;
			files = (
				9E7869F01C9F5CCF00F1FE93 /* DVNPointAnnotation.swift in Sources */,
				9E39506B1BF66E23007BC75E /* MySingleton.swift in Sources */,
				9E3950631BF66E23007BC75E /* KivaCountry.swift in Sources */,
				9E3950671BF66E23007BC75E /* KivaOauth.swift in Sources */,
				9E495BE01BF9611400E3DEAD /* VTError.swift in Sources */,
				9E1911731C94D6CD004E5FBB /* Countries.swift in Sources */,
				9E4D85EC1C928A460063DEE5 /* CountriesTableViewController.swift in Sources */,
				9E6AC0031CB1CE2C00F3476F /* DVNTableViewCell.swift in Sources */,
				9E4D85E21C9140AC0063DEE5 /* CountriesAPI.swift in Sources */,
				9E6AC00C1CB1D6CB00F3476F /* MapWithCheckoutViewController.swift in Sources */,
				9E7869D31C99291100F1FE93 /* DVNActivityIndicator.swift in Sources */,
				9ED33F281CD1C18100C4871D /* KivaLoanBalance.swift in Sources */,
				9E3950621BF66E23007BC75E /* KivaCartItem.swift in Sources */,
				9E7869E51C9EF15100F1FE93 /* LoanDetailViewController.swift in Sources */,
				9EDF2E381BFD660800E6EF9B /* KivaPaging.swift in Sources */,
				9E79FBBD1CA84AD4008B96B1 /* LoginViewController.swift in Sources */,
				9E6105F31CDD9BA300334DDC /* LoanImageViewController.swift in Sources */,
				9ED2A13D1CDE938F00828AA4 /* DVNCountries.swift in Sources */,
				9E6815D71CCA8384006DDE1A /* AcknowledgementsViewController.swift in Sources */,
				9E3950691BF66E23007BC75E /* KivaTeam.swift in Sources */,
				9E7869E21C9E0F6100F1FE93 /* MapViewController.swift in Sources */,
				9EC72E281BF55A7D0000D9BF /* LoansTableViewController.swift in Sources */,
				9E495BE61BFB76F000E3DEAD /* AccountViewController.swift in Sources */,
				9E7869EE1C9F3A1200F1FE93 /* CustomView.swift in Sources */,
				9E3950651BF66E23007BC75E /* KivaLoan.swift in Sources */,
				9E495BE41BFAD82000E3DEAD /* NSCache+Singleton.swift in Sources */,
				9E39506A1BF66E23007BC75E /* KivaUserAccount.swift in Sources */,
				9ECEFAFF1C96064E0045E92F /* CountryLoansTableViewController.swift in Sources */,
				9ECEFB021C97C7710045E92F /* CountryLoanTableViewCell.swift in Sources */,
				9EC72E141BF559E90000D9BF /* AppDelegate.swift in Sources */,
				9E495BDC1BF9050E00E3DEAD /* KivaCartViewController.swift in Sources */,
				9E495BEA1BFBAAD200E3DEAD /* MyLoansTableViewCell.swift in Sources */,
				9E59E40E1CD32EB4007C704B /* UIView+Extension.swift in Sources */,
				9EE356961C74501400363652 /* LDAlert.swift in Sources */,
				9ECEC3F91CA77D75005EE6D3 /* KivaApiConvenience.swift in Sources */,
				9E1C658D1BFD022B003A0C00 /* ViewUtility.swift in Sources */,
				9E3950711BF670F4007BC75E /* Constants.swift in Sources */,
				9E6AC0051CB1CE2C00F3476F /* DVNViewController.swift in Sources */,
				9ED2A1411CDED6B900828AA4 /* UIApplication+Extension.swift in Sources */,
				9E3950611BF66E23007BC75E /* KivaCart.swift in Sources */,
				9EE356941C71577900363652 /* Model.xcdatamodeld in Sources */,
				9E495BE81BFBA13800E3DEAD /* MyLoansTableViewController.swift in Sources */,
				9E4D85E81C914D5A0063DEE5 /* RESTCountries.swift in Sources */,
				9E6105E91CDA56FF00334DDC /* CoreDataContext.swift in Sources */,
				9E3950661BF66E23007BC75E /* KivaLoanStatistics.swift in Sources */,
				9E6AC0041CB1CE2C00F3476F /* DVNTableViewController.swift in Sources */,
				9E6AC0161CB3862700F3476F /* UIColorExtension.swift in Sources */,
				9E495BE21BFA51B500E3DEAD /* CartTableViewCell.swift in Sources */,
				9E59E4071CD251E5007C704B /* KivaRepayment.swift in Sources */,
				9ED33F231CD0920800C4871D /* KivaImage.swift in Sources */,
				9EE3568E1C713A9300363652 /* CoreDataStackManager.swift in Sources */,
				9E6105DF1CD8FD1100334DDC /* CountryLoansKivaApiHelper.swift in Sources */,
				9E6AC00F1CB1F3EA00F3476F /* KivaSignupViewController.swift in Sources */,
				9E4D85EA1C927FDE0063DEE5 /* Country.swift in Sources */,
				9ECEFAF61C9602F10045E92F /* Attributions.swift in Sources */,
				9E3950601BF66E23007BC75E /* KivaAPI.swift in Sources */,
				9E3950641BF66E23007BC75E /* KivaLender.swift in Sources */,
				9EC72E2A1BF55ABC0000D9BF /* LoansTableViewCell.swift in Sources */,
				9E36CC171CCD773C006402C4 /* KivaAccount.swift in Sources */,
				9E495BDE1BF9060E00E3DEAD /* CartTableViewController.swift in Sources */,
				9ED2A1381CDE65E000828AA4 /* CountriesMapViewController.swift in Sources */,
				9E6105E51CD9C46B00334DDC /* CoreDataLoanHelper.swift in Sources */,
				9E39506C1BF66E23007BC75E /* RESTClient.swift in Sources */,
				9ECEFAF41C9532310045E92F /* CountriesTableViewCell.swift in Sources */,
				9E3950681BF66E23007BC75E /* KivaPartner.swift in Sources */,
			);
			runOnlyForDeploymentPostprocessing = 0;
		};
/* End PBXSourcesBuildPhase section */

/* Begin PBXTargetDependency section */
		9E495BCD1BF6845300E3DEAD /* PBXTargetDependency */ = {
			isa = PBXTargetDependency;
			name = OAuthSwift;
			targetProxy = 9E495BCC1BF6845300E3DEAD /* PBXContainerItemProxy */;
		};
/* End PBXTargetDependency section */

/* Begin PBXVariantGroup section */
		9EC72E191BF559E90000D9BF /* Main.storyboard */ = {
			isa = PBXVariantGroup;
			children = (
				9EC72E1A1BF559E90000D9BF /* Base */,
			);
			name = Main.storyboard;
			sourceTree = "<group>";
		};
		9EC72E1E1BF559E90000D9BF /* LaunchScreen.storyboard */ = {
			isa = PBXVariantGroup;
			children = (
				9EC72E1F1BF559E90000D9BF /* Base */,
			);
			name = LaunchScreen.storyboard;
			sourceTree = "<group>";
		};
/* End PBXVariantGroup section */

/* Begin XCBuildConfiguration section */
		9EC72E221BF559E90000D9BF /* Debug */ = {
			isa = XCBuildConfiguration;
			buildSettings = {
				ALWAYS_SEARCH_USER_PATHS = NO;
				CLANG_CXX_LANGUAGE_STANDARD = "gnu++0x";
				CLANG_CXX_LIBRARY = "libc++";
				CLANG_ENABLE_MODULES = YES;
				CLANG_ENABLE_OBJC_ARC = YES;
				CLANG_WARN_BOOL_CONVERSION = YES;
				CLANG_WARN_CONSTANT_CONVERSION = YES;
				CLANG_WARN_DIRECT_OBJC_ISA_USAGE = YES_ERROR;
				CLANG_WARN_EMPTY_BODY = YES;
				CLANG_WARN_ENUM_CONVERSION = YES;
				CLANG_WARN_INT_CONVERSION = YES;
				CLANG_WARN_OBJC_ROOT_CLASS = YES_ERROR;
				CLANG_WARN_UNREACHABLE_CODE = YES;
				CLANG_WARN__DUPLICATE_METHOD_MATCH = YES;
				"CODE_SIGN_IDENTITY[sdk=iphoneos*]" = "iPhone Developer";
				COPY_PHASE_STRIP = NO;
				DEBUG_INFORMATION_FORMAT = dwarf;
				ENABLE_STRICT_OBJC_MSGSEND = YES;
				ENABLE_TESTABILITY = YES;
				GCC_C_LANGUAGE_STANDARD = gnu99;
				GCC_DYNAMIC_NO_PIC = NO;
				GCC_NO_COMMON_BLOCKS = YES;
				GCC_OPTIMIZATION_LEVEL = 0;
				GCC_PREPROCESSOR_DEFINITIONS = (
					"DEBUG=1",
					"$(inherited)",
				);
				GCC_WARN_64_TO_32_BIT_CONVERSION = YES;
				GCC_WARN_ABOUT_RETURN_TYPE = YES_ERROR;
				GCC_WARN_UNDECLARED_SELECTOR = YES;
				GCC_WARN_UNINITIALIZED_AUTOS = YES_AGGRESSIVE;
				GCC_WARN_UNUSED_FUNCTION = YES;
				GCC_WARN_UNUSED_VARIABLE = YES;
				IPHONEOS_DEPLOYMENT_TARGET = 8.4;
				MTL_ENABLE_DEBUG_INFO = YES;
				ONLY_ACTIVE_ARCH = YES;
				SDKROOT = iphoneos;
				SWIFT_OPTIMIZATION_LEVEL = "-Onone";
			};
			name = Debug;
		};
		9EC72E231BF559E90000D9BF /* Release */ = {
			isa = XCBuildConfiguration;
			buildSettings = {
				ALWAYS_SEARCH_USER_PATHS = NO;
				CLANG_CXX_LANGUAGE_STANDARD = "gnu++0x";
				CLANG_CXX_LIBRARY = "libc++";
				CLANG_ENABLE_MODULES = YES;
				CLANG_ENABLE_OBJC_ARC = YES;
				CLANG_WARN_BOOL_CONVERSION = YES;
				CLANG_WARN_CONSTANT_CONVERSION = YES;
				CLANG_WARN_DIRECT_OBJC_ISA_USAGE = YES_ERROR;
				CLANG_WARN_EMPTY_BODY = YES;
				CLANG_WARN_ENUM_CONVERSION = YES;
				CLANG_WARN_INT_CONVERSION = YES;
				CLANG_WARN_OBJC_ROOT_CLASS = YES_ERROR;
				CLANG_WARN_UNREACHABLE_CODE = YES;
				CLANG_WARN__DUPLICATE_METHOD_MATCH = YES;
				"CODE_SIGN_IDENTITY[sdk=iphoneos*]" = "iPhone Developer";
				COPY_PHASE_STRIP = NO;
				DEBUG_INFORMATION_FORMAT = "dwarf-with-dsym";
				ENABLE_NS_ASSERTIONS = NO;
				ENABLE_STRICT_OBJC_MSGSEND = YES;
				GCC_C_LANGUAGE_STANDARD = gnu99;
				GCC_NO_COMMON_BLOCKS = YES;
				GCC_WARN_64_TO_32_BIT_CONVERSION = YES;
				GCC_WARN_ABOUT_RETURN_TYPE = YES_ERROR;
				GCC_WARN_UNDECLARED_SELECTOR = YES;
				GCC_WARN_UNINITIALIZED_AUTOS = YES_AGGRESSIVE;
				GCC_WARN_UNUSED_FUNCTION = YES;
				GCC_WARN_UNUSED_VARIABLE = YES;
				IPHONEOS_DEPLOYMENT_TARGET = 8.4;
				MTL_ENABLE_DEBUG_INFO = NO;
				SDKROOT = iphoneos;
				VALIDATE_PRODUCT = YES;
			};
			name = Release;
		};
		9EC72E251BF559E90000D9BF /* Debug */ = {
			isa = XCBuildConfiguration;
			buildSettings = {
				ASSETCATALOG_COMPILER_APPICON_NAME = AppIcon;
				INFOPLIST_FILE = Lendivine/Info.plist;
				LD_RUNPATH_SEARCH_PATHS = "$(inherited) @executable_path/Frameworks";
				PRODUCT_BUNDLE_IDENTIFIER = self.JohnBateman.Lendivine;
				PRODUCT_NAME = "$(TARGET_NAME)";
			};
			name = Debug;
		};
		9EC72E261BF559E90000D9BF /* Release */ = {
			isa = XCBuildConfiguration;
			buildSettings = {
				ASSETCATALOG_COMPILER_APPICON_NAME = AppIcon;
				INFOPLIST_FILE = Lendivine/Info.plist;
				LD_RUNPATH_SEARCH_PATHS = "$(inherited) @executable_path/Frameworks";
				PRODUCT_BUNDLE_IDENTIFIER = self.JohnBateman.Lendivine;
				PRODUCT_NAME = "$(TARGET_NAME)";
			};
			name = Release;
		};
/* End XCBuildConfiguration section */

/* Begin XCConfigurationList section */
		9EC72E0B1BF559E90000D9BF /* Build configuration list for PBXProject "Lendivine" */ = {
			isa = XCConfigurationList;
			buildConfigurations = (
				9EC72E221BF559E90000D9BF /* Debug */,
				9EC72E231BF559E90000D9BF /* Release */,
			);
			defaultConfigurationIsVisible = 0;
			defaultConfigurationName = Release;
		};
		9EC72E241BF559E90000D9BF /* Build configuration list for PBXNativeTarget "Lendivine" */ = {
			isa = XCConfigurationList;
			buildConfigurations = (
				9EC72E251BF559E90000D9BF /* Debug */,
				9EC72E261BF559E90000D9BF /* Release */,
			);
			defaultConfigurationIsVisible = 0;
			defaultConfigurationName = Release;
		};
/* End XCConfigurationList section */

/* Begin XCVersionGroup section */
		9EE356921C71577900363652 /* Model.xcdatamodeld */ = {
			isa = XCVersionGroup;
			children = (
				9EE356931C71577900363652 /* Model.xcdatamodel */,
			);
			currentVersion = 9EE356931C71577900363652 /* Model.xcdatamodel */;
			path = Model.xcdatamodeld;
			sourceTree = "<group>";
			versionGroupType = wrapper.xcdatamodel;
		};
/* End XCVersionGroup section */
	};
	rootObject = 9EC72E081BF559E90000D9BF /* Project object */;
}
